
Microsoft Visual Studio Solution File, Format Version 12.00
# Visual Studio Version 17
VisualStudioVersion = 17.0.31903.59
MinimumVisualStudioVersion = 10.0.40219.1
Project("{9A19103F-16F7-4668-BE54-9A1E7A4F7556}") = "DasherApp", "DasherApp\DasherApp.csproj", "{1393E777-5015-4496-9EE5-84174D08D7E6}"
EndProject
Project("{9A19103F-16F7-4668-BE54-9A1E7A4F7556}") = "DasherApp.API", "DasherApp.API\DasherApp.API.csproj", "{84B45FBF-7554-430C-A3AA-DE7EDC552CDC}"
EndProject
Project("{9A19103F-16F7-4668-BE54-9A1E7A4F7556}") = "DasherApp.Models", "DasherApp.Models\DasherApp.Models.csproj", "{204DCB46-EB28-4B14-8BD4-2063754A6870}"
EndProject
Project("{9A19103F-16F7-4668-BE54-9A1E7A4F7556}") = "DasherApp.Data", "DasherApp.Data\DasherApp.Data.csproj", "{FA6193F0-AF3C-4D47-A524-13C50DC959F6}"
EndProject
Project("{9A19103F-16F7-4668-BE54-9A1E7A4F7556}") = "DasherApp.APIV2", "DasherApp.APIV2\DasherApp.APIV2.csproj", "{E8E56EE4-8983-4083-8682-F4B2A62E553A}"
EndProject
Project("{9A19103F-16F7-4668-BE54-9A1E7A4F7556}") = "DasherApp.Business", "DasherApp.Business\DasherApp.Business.csproj", "{427130DC-F3D4-4659-A8E9-F84C7FAAA8AC}"
EndProject
Project("{9A19103F-16F7-4668-BE54-9A1E7A4F7556}") = "DasherApp.DataLoader", "DasherApp.DataLoader\DasherApp.DataLoader.csproj", "{BDED5E72-C493-4737-971B-04BE4CA2D543}"
EndProject
Project("{9A19103F-16F7-4668-BE54-9A1E7A4F7556}") = "DasherApp.Model", "DasherApp.Model\DasherApp.Model.csproj", "{024161C9-9051-4AC2-90EF-E0A687ECDD92}"
EndProject
Global
	GlobalSection(SolutionConfigurationPlatforms) = preSolution
		Debug|Any CPU = Debug|Any CPU
		Release|Any CPU = Release|Any CPU
	EndGlobalSection
	GlobalSection(ProjectConfigurationPlatforms) = postSolution
		{1393E777-5015-4496-9EE5-84174D08D7E6}.Debug|Any CPU.ActiveCfg = Debug|Any CPU
		{1393E777-5015-4496-9EE5-84174D08D7E6}.Debug|Any CPU.Build.0 = Debug|Any CPU
		{1393E777-5015-4496-9EE5-84174D08D7E6}.Release|Any CPU.ActiveCfg = Release|Any CPU
		{1393E777-5015-4496-9EE5-84174D08D7E6}.Release|Any CPU.Build.0 = Release|Any CPU
		{84B45FBF-7554-430C-A3AA-DE7EDC552CDC}.Debug|Any CPU.ActiveCfg = Debug|Any CPU
		{84B45FBF-7554-430C-A3AA-DE7EDC552CDC}.Debug|Any CPU.Build.0 = Debug|Any CPU
		{84B45FBF-7554-430C-A3AA-DE7EDC552CDC}.Release|Any CPU.ActiveCfg = Release|Any CPU
		{84B45FBF-7554-430C-A3AA-DE7EDC552CDC}.Release|Any CPU.Build.0 = Release|Any CPU
		{204DCB46-EB28-4B14-8BD4-2063754A6870}.Debug|Any CPU.ActiveCfg = Debug|Any CPU
		{204DCB46-EB28-4B14-8BD4-2063754A6870}.Debug|Any CPU.Build.0 = Debug|Any CPU
		{204DCB46-EB28-4B14-8BD4-2063754A6870}.Release|Any CPU.ActiveCfg = Release|Any CPU
		{204DCB46-EB28-4B14-8BD4-2063754A6870}.Release|Any CPU.Build.0 = Release|Any CPU
		{FA6193F0-AF3C-4D47-A524-13C50DC959F6}.Debug|Any CPU.ActiveCfg = Debug|Any CPU
		{FA6193F0-AF3C-4D47-A524-13C50DC959F6}.Debug|Any CPU.Build.0 = Debug|Any CPU
		{FA6193F0-AF3C-4D47-A524-13C50DC959F6}.Release|Any CPU.ActiveCfg = Release|Any CPU
		{FA6193F0-AF3C-4D47-A524-13C50DC959F6}.Release|Any CPU.Build.0 = Release|Any CPU
		{E8E56EE4-8983-4083-8682-F4B2A62E553A}.Debug|Any CPU.ActiveCfg = Debug|Any CPU
		{E8E56EE4-8983-4083-8682-F4B2A62E553A}.Debug|Any CPU.Build.0 = Debug|Any CPU
		{E8E56EE4-8983-4083-8682-F4B2A62E553A}.Release|Any CPU.ActiveCfg = Release|Any CPU
		{E8E56EE4-8983-4083-8682-F4B2A62E553A}.Release|Any CPU.Build.0 = Release|Any CPU
		{427130DC-F3D4-4659-A8E9-F84C7FAAA8AC}.Debug|Any CPU.ActiveCfg = Debug|Any CPU
		{427130DC-F3D4-4659-A8E9-F84C7FAAA8AC}.Debug|Any CPU.Build.0 = Debug|Any CPU
		{427130DC-F3D4-4659-A8E9-F84C7FAAA8AC}.Release|Any CPU.ActiveCfg = Release|Any CPU
		{427130DC-F3D4-4659-A8E9-F84C7FAAA8AC}.Release|Any CPU.Build.0 = Release|Any CPU
		{BDED5E72-C493-4737-971B-04BE4CA2D543}.Debug|Any CPU.ActiveCfg = Debug|Any CPU
		{BDED5E72-C493-4737-971B-04BE4CA2D543}.Debug|Any CPU.Build.0 = Debug|Any CPU
		{BDED5E72-C493-4737-971B-04BE4CA2D543}.Release|Any CPU.ActiveCfg = Release|Any CPU
		{BDED5E72-C493-4737-971B-04BE4CA2D543}.Release|Any CPU.Build.0 = Release|Any CPU
		{024161C9-9051-4AC2-90EF-E0A687ECDD92}.Debug|Any CPU.ActiveCfg = Debug|Any CPU
		{024161C9-9051-4AC2-90EF-E0A687ECDD92}.Debug|Any CPU.Build.0 = Debug|Any CPU
		{024161C9-9051-4AC2-90EF-E0A687ECDD92}.Release|Any CPU.ActiveCfg = Release|Any CPU
		{024161C9-9051-4AC2-90EF-E0A687ECDD92}.Release|Any CPU.Build.0 = Release|Any CPU
	EndGlobalSection
	GlobalSection(SolutionProperties) = preSolution
		HideSolutionNode = FALSE
	EndGlobalSection
	GlobalSection(ExtensibilityGlobals) = postSolution
		SolutionGuid = {27EEEE10-5161-43F2-8C10-E1BB28D11706}
	EndGlobalSection
EndGlobal
